{
  "name": "metactical",
  "lockfileVersion": 2,
  "requires": true,
  "packages": {
    "": {
      "dependencies": {
        "intl-tel-input": "^17.0.19",
        "jquery-mask-plugin": "^1.14.16"
      }
    },
    "node_modules/intl-tel-input": {
      "version": "17.0.19",
      "resolved": "https://registry.npmjs.org/intl-tel-input/-/intl-tel-input-17.0.19.tgz",
      "integrity": "sha512-GBNoUT4JVgm2e1N+yFMaBQ24g5EQfZhDznGneCM9IEZwfKsMUAUa1dS+v0wOiKpRAZ5IPNLJMIEEFGgqlCI22A==",
      "license": "MIT"
    },
    "node_modules/jquery-mask-plugin": {
      "version": "1.14.16",
      "resolved": "https://registry.npmjs.org/jquery-mask-plugin/-/jquery-mask-plugin-1.14.16.tgz",
      "integrity": "sha512-reywdHlYEkPbzWjTpcc1fk9XQ3PLvO5dzEAVqy8zI7NTF22tB1HbeU3iboZTLdkBEPaWAqeI2HtEjsGQ4roZKw=="
    }
  },
  "dependencies": {
    "intl-tel-input": {
      "version": "17.0.19",
      "resolved": "https://registry.npmjs.org/intl-tel-input/-/intl-tel-input-17.0.19.tgz",
      "integrity": "sha512-GBNoUT4JVgm2e1N+yFMaBQ24g5EQfZhDznGneCM9IEZwfKsMUAUa1dS+v0wOiKpRAZ5IPNLJMIEEFGgqlCI22A=="
    },
    "jquery-mask-plugin": {
      "version": "1.14.16",
      "resolved": "https://registry.npmjs.org/jquery-mask-plugin/-/jquery-mask-plugin-1.14.16.tgz",
      "integrity": "sha512-reywdHlYEkPbzWjTpcc1fk9XQ3PLvO5dzEAVqy8zI7NTF22tB1HbeU3iboZTLdkBEPaWAqeI2HtEjsGQ4roZKw=="
    }
  }
}
